
Microsoft Visual Studio Solution File, Format Version 12.00
# Visual Studio Version 16
VisualStudioVersion = 16.0.29318.209
MinimumVisualStudioVersion = 10.0.40219.1
Project("{9A19103F-16F7-4668-BE54-9A1E7A4F7556}") = "VOD.UI", "VOD.UI\VOD.UI.csproj", "{1C7638F5-FA24-43F6-BFFB-16E03F17816D}"
EndProject
Project("{9A19103F-16F7-4668-BE54-9A1E7A4F7556}") = "VOD.Common", "VOD.Common\VOD.Common.csproj", "{2F7F2F44-A8B4-42A8-BD2D-977DE64E4D06}"
EndProject
Project("{9A19103F-16F7-4668-BE54-9A1E7A4F7556}") = "VOD.Database", "VOD.Database\VOD.Database.csproj", "{5CEEA26C-CC35-44B8-8C59-395D7412EF99}"
EndProject
Project("{FAE04EC0-301F-11D3-BF4B-00C04F79EFBC}") = "VOD.Admin", "VOD.Admin\VOD.Admin.csproj", "{4F9FEA5F-7FD2-4754-9AEB-BAFA171D36DE}"
EndProject
Global
	GlobalSection(SolutionConfigurationPlatforms) = preSolution
		Debug|Any CPU = Debug|Any CPU
		Release|Any CPU = Release|Any CPU
	EndGlobalSection
	GlobalSection(ProjectConfigurationPlatforms) = postSolution
		{1C7638F5-FA24-43F6-BFFB-16E03F17816D}.Debug|Any CPU.ActiveCfg = Debug|Any CPU
		{1C7638F5-FA24-43F6-BFFB-16E03F17816D}.Debug|Any CPU.Build.0 = Debug|Any CPU
		{1C7638F5-FA24-43F6-BFFB-16E03F17816D}.Release|Any CPU.ActiveCfg = Release|Any CPU
		{1C7638F5-FA24-43F6-BFFB-16E03F17816D}.Release|Any CPU.Build.0 = Release|Any CPU
		{2F7F2F44-A8B4-42A8-BD2D-977DE64E4D06}.Debug|Any CPU.ActiveCfg = Debug|Any CPU
		{2F7F2F44-A8B4-42A8-BD2D-977DE64E4D06}.Debug|Any CPU.Build.0 = Debug|Any CPU
		{2F7F2F44-A8B4-42A8-BD2D-977DE64E4D06}.Release|Any CPU.ActiveCfg = Release|Any CPU
		{2F7F2F44-A8B4-42A8-BD2D-977DE64E4D06}.Release|Any CPU.Build.0 = Release|Any CPU
		{5CEEA26C-CC35-44B8-8C59-395D7412EF99}.Debug|Any CPU.ActiveCfg = Debug|Any CPU
		{5CEEA26C-CC35-44B8-8C59-395D7412EF99}.Debug|Any CPU.Build.0 = Debug|Any CPU
		{5CEEA26C-CC35-44B8-8C59-395D7412EF99}.Release|Any CPU.ActiveCfg = Release|Any CPU
		{5CEEA26C-CC35-44B8-8C59-395D7412EF99}.Release|Any CPU.Build.0 = Release|Any CPU
		{4F9FEA5F-7FD2-4754-9AEB-BAFA171D36DE}.Debug|Any CPU.ActiveCfg = Debug|Any CPU
		{4F9FEA5F-7FD2-4754-9AEB-BAFA171D36DE}.Debug|Any CPU.Build.0 = Debug|Any CPU
		{4F9FEA5F-7FD2-4754-9AEB-BAFA171D36DE}.Release|Any CPU.ActiveCfg = Release|Any CPU
		{4F9FEA5F-7FD2-4754-9AEB-BAFA171D36DE}.Release|Any CPU.Build.0 = Release|Any CPU
	EndGlobalSection
	GlobalSection(SolutionProperties) = preSolution
		HideSolutionNode = FALSE
	EndGlobalSection
	GlobalSection(ExtensibilityGlobals) = postSolution
		SolutionGuid = {1C9B50F2-B0AA-4C45-B43D-DA3D3EA32FE8}
	EndGlobalSection
EndGlobal
